// !$*UTF8*$!
{
	archiveVersion = 1;
	classes = {
	};
	objectVersion = 56;
	objects = {

/* Begin PBXBuildFile section */
		932987082A431B4900A43EEA /* Alamofire in Frameworks */ = {isa = PBXBuildFile; productRef = 932987072A431B4900A43EEA /* Alamofire */; };
		932987112A431E3D00A43EEA /* MainViewModel.swift in Sources */ = {isa = PBXBuildFile; fileRef = 932987102A431E3D00A43EEA /* MainViewModel.swift */; };
		932987132A431FBA00A43EEA /* Launch Screen.storyboard in Resources */ = {isa = PBXBuildFile; fileRef = 932987122A431FBA00A43EEA /* Launch Screen.storyboard */; };
		9363669C2A43384E00882772 /* MapView.swift in Sources */ = {isa = PBXBuildFile; fileRef = 9363669B2A43384E00882772 /* MapView.swift */; };
		93B20BF22A436385007B057B /* DetailView.swift in Sources */ = {isa = PBXBuildFile; fileRef = 93B20BF12A436385007B057B /* DetailView.swift */; };
		93B20BF52A4387BB007B057B /* KakaoSDKNavi in Frameworks */ = {isa = PBXBuildFile; productRef = 93B20BF42A4387BB007B057B /* KakaoSDKNavi */; };
		93B20BF82A438CC7007B057B /* KNSDK in Frameworks */ = {isa = PBXBuildFile; productRef = 93B20BF72A438CC7007B057B /* KNSDK */; };
		93B20BFF2A43927C007B057B /* MapVC.m in Sources */ = {isa = PBXBuildFile; fileRef = 93B20BFE2A43927C007B057B /* MapVC.m */; };
		93B714A32A4319220092D5F2 /* AppMain.swift in Sources */ = {isa = PBXBuildFile; fileRef = 93B714A22A4319220092D5F2 /* AppMain.swift */; };
		93B714A52A4319220092D5F2 /* MainView.swift in Sources */ = {isa = PBXBuildFile; fileRef = 93B714A42A4319220092D5F2 /* MainView.swift */; };
		93B714A72A4319230092D5F2 /* Assets.xcassets in Resources */ = {isa = PBXBuildFile; fileRef = 93B714A62A4319230092D5F2 /* Assets.xcassets */; };
		93B714AA2A4319230092D5F2 /* Preview Assets.xcassets in Resources */ = {isa = PBXBuildFile; fileRef = 93B714A92A4319230092D5F2 /* Preview Assets.xcassets */; };
/* End PBXBuildFile section */

/* Begin PBXFileReference section */
		932987102A431E3D00A43EEA /* MainViewModel.swift */ = {isa = PBXFileReference; lastKnownFileType = sourcecode.swift; path = MainViewModel.swift; sourceTree = "<group>"; };
		932987122A431FBA00A43EEA /* Launch Screen.storyboard */ = {isa = PBXFileReference; lastKnownFileType = file.storyboard; path = "Launch Screen.storyboard"; sourceTree = "<group>"; };
		9363669B2A43384E00882772 /* MapView.swift */ = {isa = PBXFileReference; lastKnownFileType = sourcecode.swift; path = MapView.swift; sourceTree = "<group>"; };
		93B20BF12A436385007B057B /* DetailView.swift */ = {isa = PBXFileReference; lastKnownFileType = sourcecode.swift; path = DetailView.swift; sourceTree = "<group>"; };
		93B20BFE2A43927C007B057B /* MapVC.m */ = {isa = PBXFileReference; lastKnownFileType = sourcecode.c.objc; path = MapVC.m; sourceTree = "<group>"; };
		93B20C002A4392A6007B057B /* Siren-Bridging-Header.h */ = {isa = PBXFileReference; lastKnownFileType = sourcecode.c.h; path = "Siren-Bridging-Header.h"; sourceTree = "<group>"; };
		93B20C012A4392CC007B057B /* MapVC.h */ = {isa = PBXFileReference; lastKnownFileType = sourcecode.c.h; path = MapVC.h; sourceTree = "<group>"; };
		93B7149F2A4319220092D5F2 /* Siren.app */ = {isa = PBXFileReference; explicitFileType = wrapper.application; includeInIndex = 0; path = Siren.app; sourceTree = BUILT_PRODUCTS_DIR; };
		93B714A22A4319220092D5F2 /* AppMain.swift */ = {isa = PBXFileReference; lastKnownFileType = sourcecode.swift; path = AppMain.swift; sourceTree = "<group>"; };
		93B714A42A4319220092D5F2 /* MainView.swift */ = {isa = PBXFileReference; lastKnownFileType = sourcecode.swift; path = MainView.swift; sourceTree = "<group>"; };
		93B714A62A4319230092D5F2 /* Assets.xcassets */ = {isa = PBXFileReference; lastKnownFileType = folder.assetcatalog; path = Assets.xcassets; sourceTree = "<group>"; };
		93B714A92A4319230092D5F2 /* Preview Assets.xcassets */ = {isa = PBXFileReference; lastKnownFileType = folder.assetcatalog; path = "Preview Assets.xcassets"; sourceTree = "<group>"; };
		93E85EB92A43353200315DAA /* Info.plist */ = {isa = PBXFileReference; lastKnownFileType = text.plist; path = Info.plist; sourceTree = "<group>"; };
/* End PBXFileReference section */

/* Begin PBXFrameworksBuildPhase section */
		93B7149C2A4319220092D5F2 /* Frameworks */ = {
			isa = PBXFrameworksBuildPhase;
			buildActionMask = 2147483647;
			files = (
				93B20BF82A438CC7007B057B /* KNSDK in Frameworks */,
				932987082A431B4900A43EEA /* Alamofire in Frameworks */,
				93B20BF52A4387BB007B057B /* KakaoSDKNavi in Frameworks */,
			);
			runOnlyForDeploymentPostprocessing = 0;
		};
/* End PBXFrameworksBuildPhase section */

/* Begin PBXGroup section */
		932987092A431D8800A43EEA /* Resources */ = {
			isa = PBXGroup;
			children = (
				93B714A62A4319230092D5F2 /* Assets.xcassets */,
				932987122A431FBA00A43EEA /* Launch Screen.storyboard */,
				93B714A22A4319220092D5F2 /* AppMain.swift */,
				93B20C002A4392A6007B057B /* Siren-Bridging-Header.h */,
			);
			path = Resources;
			sourceTree = "<group>";
		};
		9329870A2A431E0C00A43EEA /* Sources */ = {
			isa = PBXGroup;
			children = (
				9329870C2A431E1A00A43EEA /* Model */,
				9329870D2A431E1C00A43EEA /* View */,
				9329870E2A431E2400A43EEA /* ViewModel */,
			);
			path = Sources;
			sourceTree = "<group>";
		};
		9329870B2A431E1600A43EEA /* Main */ = {
			isa = PBXGroup;
			children = (
				93B714A42A4319220092D5F2 /* MainView.swift */,
			);
			path = Main;
			sourceTree = "<group>";
		};
		9329870C2A431E1A00A43EEA /* Model */ = {
			isa = PBXGroup;
			children = (
			);
			path = Model;
			sourceTree = "<group>";
		};
		9329870D2A431E1C00A43EEA /* View */ = {
			isa = PBXGroup;
			children = (
				9329870B2A431E1600A43EEA /* Main */,
				9363669A2A43384500882772 /* Map */,
				93B20BF02A43637D007B057B /* Detail */,
			);
			path = View;
			sourceTree = "<group>";
		};
		9329870E2A431E2400A43EEA /* ViewModel */ = {
			isa = PBXGroup;
			children = (
				9329870F2A431E3500A43EEA /* Main */,
			);
			path = ViewModel;
			sourceTree = "<group>";
		};
		9329870F2A431E3500A43EEA /* Main */ = {
			isa = PBXGroup;
			children = (
				932987102A431E3D00A43EEA /* MainViewModel.swift */,
			);
			path = Main;
			sourceTree = "<group>";
		};
		9363669A2A43384500882772 /* Map */ = {
			isa = PBXGroup;
			children = (
				9363669B2A43384E00882772 /* MapView.swift */,
				93B20BFE2A43927C007B057B /* MapVC.m */,
				93B20C012A4392CC007B057B /* MapVC.h */,
			);
			path = Map;
			sourceTree = "<group>";
		};
		93B20BF02A43637D007B057B /* Detail */ = {
			isa = PBXGroup;
			children = (
				93B20BF12A436385007B057B /* DetailView.swift */,
			);
			path = Detail;
			sourceTree = "<group>";
		};
		93B714962A4319220092D5F2 = {
			isa = PBXGroup;
			children = (
				93B714A12A4319220092D5F2 /* Siren */,
				93B714A02A4319220092D5F2 /* Products */,
			);
			sourceTree = "<group>";
		};
		93B714A02A4319220092D5F2 /* Products */ = {
			isa = PBXGroup;
			children = (
				93B7149F2A4319220092D5F2 /* Siren.app */,
			);
			name = Products;
			sourceTree = "<group>";
		};
		93B714A12A4319220092D5F2 /* Siren */ = {
			isa = PBXGroup;
			children = (
				93E85EB92A43353200315DAA /* Info.plist */,
				932987092A431D8800A43EEA /* Resources */,
				9329870A2A431E0C00A43EEA /* Sources */,
				93B714A82A4319230092D5F2 /* Preview Content */,
			);
			path = Siren;
			sourceTree = "<group>";
		};
		93B714A82A4319230092D5F2 /* Preview Content */ = {
			isa = PBXGroup;
			children = (
				93B714A92A4319230092D5F2 /* Preview Assets.xcassets */,
			);
			path = "Preview Content";
			sourceTree = "<group>";
		};
/* End PBXGroup section */

/* Begin PBXNativeTarget section */
		93B7149E2A4319220092D5F2 /* Siren */ = {
			isa = PBXNativeTarget;
			buildConfigurationList = 93B714AD2A4319230092D5F2 /* Build configuration list for PBXNativeTarget "Siren" */;
			buildPhases = (
				93B7149B2A4319220092D5F2 /* Sources */,
				93B7149C2A4319220092D5F2 /* Frameworks */,
				93B7149D2A4319220092D5F2 /* Resources */,
			);
			buildRules = (
			);
			dependencies = (
			);
			name = Siren;
			packageProductDependencies = (
				932987072A431B4900A43EEA /* Alamofire */,
				93B20BF42A4387BB007B057B /* KakaoSDKNavi */,
				93B20BF72A438CC7007B057B /* KNSDK */,
			);
			productName = Siren;
			productReference = 93B7149F2A4319220092D5F2 /* Siren.app */;
			productType = "com.apple.product-type.application";
		};
/* End PBXNativeTarget section */

/* Begin PBXProject section */
		93B714972A4319220092D5F2 /* Project object */ = {
			isa = PBXProject;
			attributes = {
				BuildIndependentTargetsInParallel = 1;
				LastSwiftUpdateCheck = 1430;
				LastUpgradeCheck = 1430;
				TargetAttributes = {
					93B7149E2A4319220092D5F2 = {
						CreatedOnToolsVersion = 14.3;
						LastSwiftMigration = 1430;
					};
				};
			};
			buildConfigurationList = 93B7149A2A4319220092D5F2 /* Build configuration list for PBXProject "Siren" */;
			compatibilityVersion = "Xcode 14.0";
			developmentRegion = en;
			hasScannedForEncodings = 0;
			knownRegions = (
				en,
				Base,
			);
			mainGroup = 93B714962A4319220092D5F2;
			packageReferences = (
				932987062A431B4900A43EEA /* XCRemoteSwiftPackageReference "Alamofire" */,
				93B20BF32A4387BB007B057B /* XCRemoteSwiftPackageReference "kakao-ios-sdk" */,
				93B20BF62A438CC7007B057B /* XCRemoteSwiftPackageReference "KNSDK-UI" */,
			);
			productRefGroup = 93B714A02A4319220092D5F2 /* Products */;
			projectDirPath = "";
			projectRoot = "";
			targets = (
				93B7149E2A4319220092D5F2 /* Siren */,
			);
		};
/* End PBXProject section */

/* Begin PBXResourcesBuildPhase section */
		93B7149D2A4319220092D5F2 /* Resources */ = {
			isa = PBXResourcesBuildPhase;
			buildActionMask = 2147483647;
			files = (
				932987132A431FBA00A43EEA /* Launch Screen.storyboard in Resources */,
				93B714AA2A4319230092D5F2 /* Preview Assets.xcassets in Resources */,
				93B714A72A4319230092D5F2 /* Assets.xcassets in Resources */,
			);
			runOnlyForDeploymentPostprocessing = 0;
		};
/* End PBXResourcesBuildPhase section */

/* Begin PBXSourcesBuildPhase section */
		93B7149B2A4319220092D5F2 /* Sources */ = {
			isa = PBXSourcesBuildPhase;
			buildActionMask = 2147483647;
			files = (
				93B714A52A4319220092D5F2 /* MainView.swift in Sources */,
				9363669C2A43384E00882772 /* MapView.swift in Sources */,
				93B714A32A4319220092D5F2 /* AppMain.swift in Sources */,
				93B20BFF2A43927C007B057B /* MapVC.m in Sources */,
				93B20BF22A436385007B057B /* DetailView.swift in Sources */,
				932987112A431E3D00A43EEA /* MainViewModel.swift in Sources */,
			);
			runOnlyForDeploymentPostprocessing = 0;
		};
/* End PBXSourcesBuildPhase section */

/* Begin XCBuildConfiguration section */
		93B714AB2A4319230092D5F2 /* Debug */ = {
			isa = XCBuildConfiguration;
			buildSettings = {
				ALWAYS_SEARCH_USER_PATHS = NO;
				CLANG_ANALYZER_NONNULL = YES;
				CLANG_ANALYZER_NUMBER_OBJECT_CONVERSION = YES_AGGRESSIVE;
				CLANG_CXX_LANGUAGE_STANDARD = "gnu++20";
				CLANG_ENABLE_MODULES = YES;
				CLANG_ENABLE_OBJC_ARC = YES;
				CLANG_ENABLE_OBJC_WEAK = YES;
				CLANG_WARN_BLOCK_CAPTURE_AUTORELEASING = YES;
				CLANG_WARN_BOOL_CONVERSION = YES;
				CLANG_WARN_COMMA = YES;
				CLANG_WARN_CONSTANT_CONVERSION = YES;
				CLANG_WARN_DEPRECATED_OBJC_IMPLEMENTATIONS = YES;
				CLANG_WARN_DIRECT_OBJC_ISA_USAGE = YES_ERROR;
				CLANG_WARN_DOCUMENTATION_COMMENTS = YES;
				CLANG_WARN_EMPTY_BODY = YES;
				CLANG_WARN_ENUM_CONVERSION = YES;
				CLANG_WARN_INFINITE_RECURSION = YES;
				CLANG_WARN_INT_CONVERSION = YES;
				CLANG_WARN_NON_LITERAL_NULL_CONVERSION = YES;
				CLANG_WARN_OBJC_IMPLICIT_RETAIN_SELF = YES;
				CLANG_WARN_OBJC_LITERAL_CONVERSION = YES;
				CLANG_WARN_OBJC_ROOT_CLASS = YES_ERROR;
				CLANG_WARN_QUOTED_INCLUDE_IN_FRAMEWORK_HEADER = YES;
				CLANG_WARN_RANGE_LOOP_ANALYSIS = YES;
				CLANG_WARN_STRICT_PROTOTYPES = YES;
				CLANG_WARN_SUSPICIOUS_MOVE = YES;
				CLANG_WARN_UNGUARDED_AVAILABILITY = YES_AGGRESSIVE;
				CLANG_WARN_UNREACHABLE_CODE = YES;
				CLANG_WARN__DUPLICATE_METHOD_MATCH = YES;
				COPY_PHASE_STRIP = NO;
				DEBUG_INFORMATION_FORMAT = dwarf;
				ENABLE_STRICT_OBJC_MSGSEND = YES;
				ENABLE_TESTABILITY = YES;
				GCC_C_LANGUAGE_STANDARD = gnu11;
				GCC_DYNAMIC_NO_PIC = NO;
				GCC_NO_COMMON_BLOCKS = YES;
				GCC_OPTIMIZATION_LEVEL = 0;
				GCC_PREPROCESSOR_DEFINITIONS = (
					"DEBUG=1",
					"$(inherited)",
				);
				GCC_WARN_64_TO_32_BIT_CONVERSION = YES;
				GCC_WARN_ABOUT_RETURN_TYPE = YES_ERROR;
				GCC_WARN_UNDECLARED_SELECTOR = YES;
				GCC_WARN_UNINITIALIZED_AUTOS = YES_AGGRESSIVE;
				GCC_WARN_UNUSED_FUNCTION = YES;
				GCC_WARN_UNUSED_VARIABLE = YES;
				IPHONEOS_DEPLOYMENT_TARGET = 15.0;
				MTL_ENABLE_DEBUG_INFO = INCLUDE_SOURCE;
				MTL_FAST_MATH = YES;
				ONLY_ACTIVE_ARCH = YES;
				SDKROOT = iphoneos;
				SWIFT_ACTIVE_COMPILATION_CONDITIONS = DEBUG;
				SWIFT_OPTIMIZATION_LEVEL = "-Onone";
			};
			name = Debug;
		};
		93B714AC2A4319230092D5F2 /* Release */ = {
			isa = XCBuildConfiguration;
			buildSettings = {
				ALWAYS_SEARCH_USER_PATHS = NO;
				CLANG_ANALYZER_NONNULL = YES;
				CLANG_ANALYZER_NUMBER_OBJECT_CONVERSION = YES_AGGRESSIVE;
				CLANG_CXX_LANGUAGE_STANDARD = "gnu++20";
				CLANG_ENABLE_MODULES = YES;
				CLANG_ENABLE_OBJC_ARC = YES;
				CLANG_ENABLE_OBJC_WEAK = YES;
				CLANG_WARN_BLOCK_CAPTURE_AUTORELEASING = YES;
				CLANG_WARN_BOOL_CONVERSION = YES;
				CLANG_WARN_COMMA = YES;
				CLANG_WARN_CONSTANT_CONVERSION = YES;
				CLANG_WARN_DEPRECATED_OBJC_IMPLEMENTATIONS = YES;
				CLANG_WARN_DIRECT_OBJC_ISA_USAGE = YES_ERROR;
				CLANG_WARN_DOCUMENTATION_COMMENTS = YES;
				CLANG_WARN_EMPTY_BODY = YES;
				CLANG_WARN_ENUM_CONVERSION = YES;
				CLANG_WARN_INFINITE_RECURSION = YES;
				CLANG_WARN_INT_CONVERSION = YES;
				CLANG_WARN_NON_LITERAL_NULL_CONVERSION = YES;
				CLANG_WARN_OBJC_IMPLICIT_RETAIN_SELF = YES;
				CLANG_WARN_OBJC_LITERAL_CONVERSION = YES;
				CLANG_WARN_OBJC_ROOT_CLASS = YES_ERROR;
				CLANG_WARN_QUOTED_INCLUDE_IN_FRAMEWORK_HEADER = YES;
				CLANG_WARN_RANGE_LOOP_ANALYSIS = YES;
				CLANG_WARN_STRICT_PROTOTYPES = YES;
				CLANG_WARN_SUSPICIOUS_MOVE = YES;
				CLANG_WARN_UNGUARDED_AVAILABILITY = YES_AGGRESSIVE;
				CLANG_WARN_UNREACHABLE_CODE = YES;
				CLANG_WARN__DUPLICATE_METHOD_MATCH = YES;
				COPY_PHASE_STRIP = NO;
				DEBUG_INFORMATION_FORMAT = "dwarf-with-dsym";
				ENABLE_NS_ASSERTIONS = NO;
				ENABLE_STRICT_OBJC_MSGSEND = YES;
				GCC_C_LANGUAGE_STANDARD = gnu11;
				GCC_NO_COMMON_BLOCKS = YES;
				GCC_WARN_64_TO_32_BIT_CONVERSION = YES;
				GCC_WARN_ABOUT_RETURN_TYPE = YES_ERROR;
				GCC_WARN_UNDECLARED_SELECTOR = YES;
				GCC_WARN_UNINITIALIZED_AUTOS = YES_AGGRESSIVE;
				GCC_WARN_UNUSED_FUNCTION = YES;
				GCC_WARN_UNUSED_VARIABLE = YES;
				IPHONEOS_DEPLOYMENT_TARGET = 15.0;
				MTL_ENABLE_DEBUG_INFO = NO;
				MTL_FAST_MATH = YES;
				SDKROOT = iphoneos;
				SWIFT_COMPILATION_MODE = wholemodule;
				SWIFT_OPTIMIZATION_LEVEL = "-O";
				VALIDATE_PRODUCT = YES;
			};
			name = Release;
		};
		93B714AE2A4319230092D5F2 /* Debug */ = {
			isa = XCBuildConfiguration;
			buildSettings = {
				ASSETCATALOG_COMPILER_APPICON_NAME = AppIcon;
				ASSETCATALOG_COMPILER_GLOBAL_ACCENT_COLOR_NAME = AccentColor;
				CLANG_ENABLE_MODULES = YES;
				CODE_SIGN_STYLE = Automatic;
				CURRENT_PROJECT_VERSION = 1;
				DEVELOPMENT_ASSET_PATHS = "\"Siren/Preview Content\"";
				DEVELOPMENT_TEAM = 56V747V83R;
				ENABLE_PREVIEWS = YES;
				GENERATE_INFOPLIST_FILE = YES;
				INFOPLIST_FILE = Siren/Info.plist;
				INFOPLIST_KEY_CFBundleDisplayName = "사이렌";
				INFOPLIST_KEY_NSLocationWhenInUseUsageDescription = "";
				INFOPLIST_KEY_UIApplicationSceneManifest_Generation = YES;
				INFOPLIST_KEY_UIApplicationSupportsIndirectInputEvents = YES;
				INFOPLIST_KEY_UILaunchScreen_Generation = YES;
				INFOPLIST_KEY_UILaunchStoryboardName = "Launch Screen.storyboard";
				INFOPLIST_KEY_UISupportedInterfaceOrientations = UIInterfaceOrientationPortrait;
				INFOPLIST_KEY_UISupportedInterfaceOrientations_iPad = "UIInterfaceOrientationLandscapeLeft UIInterfaceOrientationLandscapeRight UIInterfaceOrientationPortrait UIInterfaceOrientationPortraitUpsideDown";
				IPHONEOS_DEPLOYMENT_TARGET = 15;
				LD_RUNPATH_SEARCH_PATHS = (
					"$(inherited)",
					"@executable_path/Frameworks",
				);
				MARKETING_VERSION = 1.0;
				PRODUCT_BUNDLE_IDENTIFIER = net.mercen.Siren;
				PRODUCT_NAME = "$(TARGET_NAME)";
				SWIFT_EMIT_LOC_STRINGS = YES;
				SWIFT_OBJC_BRIDGING_HEADER = "Siren/Resources/Siren-Bridging-Header.h";
				SWIFT_OPTIMIZATION_LEVEL = "-Onone";
				SWIFT_VERSION = 5.0;
				TARGETED_DEVICE_FAMILY = "1,2";
			};
			name = Debug;
		};
		93B714AF2A4319230092D5F2 /* Release */ = {
			isa = XCBuildConfiguration;
			buildSettings = {
				ASSETCATALOG_COMPILER_APPICON_NAME = AppIcon;
				ASSETCATALOG_COMPILER_GLOBAL_ACCENT_COLOR_NAME = AccentColor;
				CLANG_ENABLE_MODULES = YES;
				CODE_SIGN_STYLE = Automatic;
				CURRENT_PROJECT_VERSION = 1;
				DEVELOPMENT_ASSET_PATHS = "\"Siren/Preview Content\"";
				DEVELOPMENT_TEAM = 56V747V83R;
				ENABLE_PREVIEWS = YES;
				GENERATE_INFOPLIST_FILE = YES;
				INFOPLIST_FILE = Siren/Info.plist;
				INFOPLIST_KEY_CFBundleDisplayName = "사이렌";
				INFOPLIST_KEY_NSLocationWhenInUseUsageDescription = "";
				INFOPLIST_KEY_UIApplicationSceneManifest_Generation = YES;
				INFOPLIST_KEY_UIApplicationSupportsIndirectInputEvents = YES;
				INFOPLIST_KEY_UILaunchScreen_Generation = YES;
				INFOPLIST_KEY_UILaunchStoryboardName = "Launch Screen.storyboard";
				INFOPLIST_KEY_UISupportedInterfaceOrientations = UIInterfaceOrientationPortrait;
				INFOPLIST_KEY_UISupportedInterfaceOrientations_iPad = "UIInterfaceOrientationLandscapeLeft UIInterfaceOrientationLandscapeRight UIInterfaceOrientationPortrait UIInterfaceOrientationPortraitUpsideDown";
				IPHONEOS_DEPLOYMENT_TARGET = 15;
				LD_RUNPATH_SEARCH_PATHS = (
					"$(inherited)",
					"@executable_path/Frameworks",
				);
				MARKETING_VERSION = 1.0;
				PRODUCT_BUNDLE_IDENTIFIER = net.mercen.Siren;
				PRODUCT_NAME = "$(TARGET_NAME)";
				SWIFT_EMIT_LOC_STRINGS = YES;
				SWIFT_OBJC_BRIDGING_HEADER = "Siren/Resources/Siren-Bridging-Header.h";
				SWIFT_VERSION = 5.0;
				TARGETED_DEVICE_FAMILY = "1,2";
			};
			name = Release;
		};
/* End XCBuildConfiguration section */

/* Begin XCConfigurationList section */
		93B7149A2A4319220092D5F2 /* Build configuration list for PBXProject "Siren" */ = {
			isa = XCConfigurationList;
			buildConfigurations = (
				93B714AB2A4319230092D5F2 /* Debug */,
				93B714AC2A4319230092D5F2 /* Release */,
			);
			defaultConfigurationIsVisible = 0;
			defaultConfigurationName = Release;
		};
		93B714AD2A4319230092D5F2 /* Build configuration list for PBXNativeTarget "Siren" */ = {
			isa = XCConfigurationList;
			buildConfigurations = (
				93B714AE2A4319230092D5F2 /* Debug */,
				93B714AF2A4319230092D5F2 /* Release */,
			);
			defaultConfigurationIsVisible = 0;
			defaultConfigurationName = Release;
		};
/* End XCConfigurationList section */

/* Begin XCRemoteSwiftPackageReference section */
		932987062A431B4900A43EEA /* XCRemoteSwiftPackageReference "Alamofire" */ = {
			isa = XCRemoteSwiftPackageReference;
			repositoryURL = "https://github.com/Alamofire/Alamofire";
			requirement = {
				kind = upToNextMajorVersion;
				minimumVersion = 5.0.0;
			};
		};
		93B20BF32A4387BB007B057B /* XCRemoteSwiftPackageReference "kakao-ios-sdk" */ = {
			isa = XCRemoteSwiftPackageReference;
			repositoryURL = "https://github.com/kakao/kakao-ios-sdk";
			requirement = {
				kind = upToNextMajorVersion;
				minimumVersion = 2.0.0;
			};
		};
		93B20BF62A438CC7007B057B /* XCRemoteSwiftPackageReference "KNSDK-UI" */ = {
			isa = XCRemoteSwiftPackageReference;
			repositoryURL = "https://github.com/kakaomob/KNSDK-UI.git";
			requirement = {
				kind = upToNextMajorVersion;
				minimumVersion = 1.0.0;
			};
		};
/* End XCRemoteSwiftPackageReference section */

/* Begin XCSwiftPackageProductDependency section */
		932987072A431B4900A43EEA /* Alamofire */ = {
			isa = XCSwiftPackageProductDependency;
			package = 932987062A431B4900A43EEA /* XCRemoteSwiftPackageReference "Alamofire" */;
			productName = Alamofire;
		};
		93B20BF42A4387BB007B057B /* KakaoSDKNavi */ = {
			isa = XCSwiftPackageProductDependency;
			package = 93B20BF32A4387BB007B057B /* XCRemoteSwiftPackageReference "kakao-ios-sdk" */;
			productName = KakaoSDKNavi;
		};
		93B20BF72A438CC7007B057B /* KNSDK */ = {
			isa = XCSwiftPackageProductDependency;
			package = 93B20BF62A438CC7007B057B /* XCRemoteSwiftPackageReference "KNSDK-UI" */;
			productName = KNSDK;
		};
/* End XCSwiftPackageProductDependency section */
	};
	rootObject = 93B714972A4319220092D5F2 /* Project object */;
}
